
Microsoft Visual Studio Solution File, Format Version 12.00
# Visual Studio Version 17
VisualStudioVersion = 17.9.34902.65
MinimumVisualStudioVersion = 10.0.40219.1
Project("{8BC9CEB8-8B4A-11D0-8D11-00A0C91BC942}") = "1_lab_server", "1_lab_server\1_lab_server.vcxproj", "{5A74DD02-4A1A-477A-8DA5-1FBC2F24067F}"
EndProject
Global
	GlobalSection(SolutionConfigurationPlatforms) = preSolution
		Debug|x64 = Debug|x64
		Debug|x86 = Debug|x86
		Release|x64 = Release|x64
		Release|x86 = Release|x86
	EndGlobalSection
	GlobalSection(ProjectConfigurationPlatforms) = postSolution
		{5A74DD02-4A1A-477A-8DA5-1FBC2F24067F}.Debug|x64.ActiveCfg = Debug|x64
		{5A74DD02-4A1A-477A-8DA5-1FBC2F24067F}.Debug|x64.Build.0 = Debug|x64
		{5A74DD02-4A1A-477A-8DA5-1FBC2F24067F}.Debug|x86.ActiveCfg = Debug|Win32
		{5A74DD02-4A1A-477A-8DA5-1FBC2F24067F}.Debug|x86.Build.0 = Debug|Win32
		{5A74DD02-4A1A-477A-8DA5-1FBC2F24067F}.Release|x64.ActiveCfg = Release|x64
		{5A74DD02-4A1A-477A-8DA5-1FBC2F24067F}.Release|x64.Build.0 = Release|x64
		{5A74DD02-4A1A-477A-8DA5-1FBC2F24067F}.Release|x86.ActiveCfg = Release|Win32
		{5A74DD02-4A1A-477A-8DA5-1FBC2F24067F}.Release|x86.Build.0 = Release|Win32
	EndGlobalSection
	GlobalSection(SolutionProperties) = preSolution
		HideSolutionNode = FALSE
	EndGlobalSection
	GlobalSection(ExtensibilityGlobals) = postSolution
		SolutionGuid = {D34D08FD-23B6-44C7-AD81-ABFDEE66D430}
	EndGlobalSection
EndGlobal
